// !$*UTF8*$!
{
	archiveVersion = 1;
	classes = {
	};
	objectVersion = 46;
	objects = {

/* Begin PBXBuildFile section */
		AE8D1E9B1C1B0EF0003E180E /* AppDelegate.swift in Sources */ = {isa = PBXBuildFile; fileRef = AE8D1E9A1C1B0EF0003E180E /* AppDelegate.swift */; };
		AE8D1E9D1C1B0EF0003E180E /* Assets.xcassets in Resources */ = {isa = PBXBuildFile; fileRef = AE8D1E9C1C1B0EF0003E180E /* Assets.xcassets */; };
		AE8D1EA01C1B0EF0003E180E /* MainMenu.xib in Resources */ = {isa = PBXBuildFile; fileRef = AE8D1E9E1C1B0EF0003E180E /* MainMenu.xib */; };
		AE8D1EA91C1B110A003E180E /* Speak.m in Sources */ = {isa = PBXBuildFile; fileRef = AE8D1EA81C1B110A003E180E /* Speak.m */; };
/* End PBXBuildFile section */

/* Begin PBXFileReference section */
		AE8D1E971C1B0EF0003E180E /* Ghost Voices.app */ = {isa = PBXFileReference; explicitFileType = wrapper.application; includeInIndex = 0; path = "Ghost Voices.app"; sourceTree = BUILT_PRODUCTS_DIR; };
		AE8D1E9A1C1B0EF0003E180E /* AppDelegate.swift */ = {isa = PBXFileReference; lastKnownFileType = sourcecode.swift; path = AppDelegate.swift; sourceTree = "<group>"; };
		AE8D1E9C1C1B0EF0003E180E /* Assets.xcassets */ = {isa = PBXFileReference; lastKnownFileType = folder.assetcatalog; path = Assets.xcassets; sourceTree = "<group>"; };
		AE8D1E9F1C1B0EF0003E180E /* Base */ = {isa = PBXFileReference; lastKnownFileType = file.xib; name = Base; path = Base.lproj/MainMenu.xib; sourceTree = "<group>"; };
		AE8D1EA11C1B0EF0003E180E /* Info.plist */ = {isa = PBXFileReference; lastKnownFileType = text.plist.xml; path = Info.plist; sourceTree = "<group>"; };
		AE8D1EA71C1B110A003E180E /* Ghost Voices-Bridging-Header.h */ = {isa = PBXFileReference; lastKnownFileType = sourcecode.c.h; path = "Ghost Voices-Bridging-Header.h"; sourceTree = "<group>"; };
		AE8D1EA81C1B110A003E180E /* Speak.m */ = {isa = PBXFileReference; fileEncoding = 4; lastKnownFileType = sourcecode.c.objc; path = Speak.m; sourceTree = "<group>"; };
		AE8D1EAA1C1B1137003E180E /* Speak.h */ = {isa = PBXFileReference; fileEncoding = 4; lastKnownFileType = sourcecode.c.h; path = Speak.h; sourceTree = "<group>"; };
/* End PBXFileReference section */

/* Begin PBXFrameworksBuildPhase section */
		AE8D1E941C1B0EF0003E180E /* Frameworks */ = {
			isa = PBXFrameworksBuildPhase;
			buildActionMask = 2147483647;
			files = (
			);
			runOnlyForDeploymentPostprocessing = 0;
		};
/* End PBXFrameworksBuildPhase section */

/* Begin PBXGroup section */
		AE8D1E8E1C1B0EF0003E180E = {
			isa = PBXGroup;
			children = (
				AE8D1E991C1B0EF0003E180E /* Ghost Voices */,
				AE8D1E981C1B0EF0003E180E /* Products */,
			);
			sourceTree = "<group>";
		};
		AE8D1E981C1B0EF0003E180E /* Products */ = {
			isa = PBXGroup;
			children = (
				AE8D1E971C1B0EF0003E180E /* Ghost Voices.app */,
			);
			name = Products;
			sourceTree = "<group>";
		};
		AE8D1E991C1B0EF0003E180E /* Ghost Voices */ = {
			isa = PBXGroup;
			children = (
				AE8D1E9A1C1B0EF0003E180E /* AppDelegate.swift */,
				AE8D1E9C1C1B0EF0003E180E /* Assets.xcassets */,
				AE8D1E9E1C1B0EF0003E180E /* MainMenu.xib */,
				AE8D1EA11C1B0EF0003E180E /* Info.plist */,
				AE8D1EAA1C1B1137003E180E /* Speak.h */,
				AE8D1EA81C1B110A003E180E /* Speak.m */,
				AE8D1EA71C1B110A003E180E /* Ghost Voices-Bridging-Header.h */,
			);
			path = "Ghost Voices";
			sourceTree = "<group>";
		};
/* End PBXGroup section */

/* Begin PBXNativeTarget section */
		AE8D1E961C1B0EF0003E180E /* Ghost Voices */ = {
			isa = PBXNativeTarget;
			buildConfigurationList = AE8D1EA41C1B0EF0003E180E /* Build configuration list for PBXNativeTarget "Ghost Voices" */;
			buildPhases = (
				AE8D1E931C1B0EF0003E180E /* Sources */,
				AE8D1E941C1B0EF0003E180E /* Frameworks */,
				AE8D1E951C1B0EF0003E180E /* Resources */,
			);
			buildRules = (
			);
			dependencies = (
			);
			name = "Ghost Voices";
			productName = "Ghost Voices";
			productReference = AE8D1E971C1B0EF0003E180E /* Ghost Voices.app */;
			productType = "com.apple.product-type.application";
		};
/* End PBXNativeTarget section */

/* Begin PBXProject section */
		AE8D1E8F1C1B0EF0003E180E /* Project object */ = {
			isa = PBXProject;
			attributes = {
				LastSwiftUpdateCheck = 0720;
				LastUpgradeCheck = 0720;
				ORGANIZATIONNAME = "Yannick Weiss";
				TargetAttributes = {
					AE8D1E961C1B0EF0003E180E = {
						CreatedOnToolsVersion = 7.2;
					};
				};
			};
			buildConfigurationList = AE8D1E921C1B0EF0003E180E /* Build configuration list for PBXProject "Ghost Voices" */;
			compatibilityVersion = "Xcode 3.2";
			developmentRegion = English;
			hasScannedForEncodings = 0;
			knownRegions = (
				en,
				Base,
			);
			mainGroup = AE8D1E8E1C1B0EF0003E180E;
			productRefGroup = AE8D1E981C1B0EF0003E180E /* Products */;
			projectDirPath = "";
			projectRoot = "";
			targets = (
				AE8D1E961C1B0EF0003E180E /* Ghost Voices */,
			);
		};
/* End PBXProject section */

/* Begin PBXResourcesBuildPhase section */
		AE8D1E951C1B0EF0003E180E /* Resources */ = {
			isa = PBXResourcesBuildPhase;
			buildActionMask = 2147483647;
			files = (
				AE8D1E9D1C1B0EF0003E180E /* Assets.xcassets in Resources */,
				AE8D1EA01C1B0EF0003E180E /* MainMenu.xib in Resources */,
			);
			runOnlyForDeploymentPostprocessing = 0;
		};
/* End PBXResourcesBuildPhase section */

/* Begin PBXSourcesBuildPhase section */
		AE8D1E931C1B0EF0003E180E /* Sources */ = {
			isa = PBXSourcesBuildPhase;
			buildActionMask = 2147483647;
			files = (
				AE8D1EA91C1B110A003E180E /* Speak.m in Sources */,
				AE8D1E9B1C1B0EF0003E180E /* AppDelegate.swift in Sources */,
			);
			runOnlyForDeploymentPostprocessing = 0;
		};
/* End PBXSourcesBuildPhase section */

/* Begin PBXVariantGroup section */
		AE8D1E9E1C1B0EF0003E180E /* MainMenu.xib */ = {
			isa = PBXVariantGroup;
			children = (
				AE8D1E9F1C1B0EF0003E180E /* Base */,
			);
			name = MainMenu.xib;
			sourceTree = "<group>";
		};
/* End PBXVariantGroup section */

/* Begin XCBuildConfiguration section */
		AE8D1EA21C1B0EF0003E180E /* Debug */ = {
			isa = XCBuildConfiguration;
			buildSettings = {
				ALWAYS_SEARCH_USER_PATHS = NO;
				CLANG_CXX_LANGUAGE_STANDARD = "gnu++0x";
				CLANG_CXX_LIBRARY = "libc++";
				CLANG_ENABLE_MODULES = YES;
				CLANG_ENABLE_OBJC_ARC = YES;
				CLANG_WARN_BOOL_CONVERSION = YES;
				CLANG_WARN_CONSTANT_CONVERSION = YES;
				CLANG_WARN_DIRECT_OBJC_ISA_USAGE = YES_ERROR;
				CLANG_WARN_EMPTY_BODY = YES;
				CLANG_WARN_ENUM_CONVERSION = YES;
				CLANG_WARN_INT_CONVERSION = YES;
				CLANG_WARN_OBJC_ROOT_CLASS = YES_ERROR;
				CLANG_WARN_UNREACHABLE_CODE = YES;
				CLANG_WARN__DUPLICATE_METHOD_MATCH = YES;
				CODE_SIGN_IDENTITY = "-";
				COPY_PHASE_STRIP = NO;
				DEBUG_INFORMATION_FORMAT = dwarf;
				ENABLE_STRICT_OBJC_MSGSEND = YES;
				ENABLE_TESTABILITY = YES;
				GCC_C_LANGUAGE_STANDARD = gnu99;
				GCC_DYNAMIC_NO_PIC = NO;
				GCC_NO_COMMON_BLOCKS = YES;
				GCC_OPTIMIZATION_LEVEL = 0;
				GCC_PREPROCESSOR_DEFINITIONS = (
					"DEBUG=1",
					"$(inherited)",
				);
				GCC_WARN_64_TO_32_BIT_CONVERSION = YES;
				GCC_WARN_ABOUT_RETURN_TYPE = YES_ERROR;
				GCC_WARN_UNDECLARED_SELECTOR = YES;
				GCC_WARN_UNINITIALIZED_AUTOS = YES_AGGRESSIVE;
				GCC_WARN_UNUSED_FUNCTION = YES;
				GCC_WARN_UNUSED_VARIABLE = YES;
				MACOSX_DEPLOYMENT_TARGET = 10.11;
				MTL_ENABLE_DEBUG_INFO = YES;
				ONLY_ACTIVE_ARCH = YES;
				SDKROOT = macosx;
				SWIFT_OPTIMIZATION_LEVEL = "-Onone";
			};
			name = Debug;
		};
		AE8D1EA31C1B0EF0003E180E /* Release */ = {
			isa = XCBuildConfiguration;
			buildSettings = {
				ALWAYS_SEARCH_USER_PATHS = NO;
				CLANG_CXX_LANGUAGE_STANDARD = "gnu++0x";
				CLANG_CXX_LIBRARY = "libc++";
				CLANG_ENABLE_MODULES = YES;
				CLANG_ENABLE_OBJC_ARC = YES;
				CLANG_WARN_BOOL_CONVERSION = YES;
				CLANG_WARN_CONSTANT_CONVERSION = YES;
				CLANG_WARN_DIRECT_OBJC_ISA_USAGE = YES_ERROR;
				CLANG_WARN_EMPTY_BODY = YES;
				CLANG_WARN_ENUM_CONVERSION = YES;
				CLANG_WARN_INT_CONVERSION = YES;
				CLANG_WARN_OBJC_ROOT_CLASS = YES_ERROR;
				CLANG_WARN_UNREACHABLE_CODE = YES;
				CLANG_WARN__DUPLICATE_METHOD_MATCH = YES;
				CODE_SIGN_IDENTITY = "-";
				COPY_PHASE_STRIP = NO;
				DEBUG_INFORMATION_FORMAT = "dwarf-with-dsym";
				ENABLE_NS_ASSERTIONS = NO;
				ENABLE_STRICT_OBJC_MSGSEND = YES;
				GCC_C_LANGUAGE_STANDARD = gnu99;
				GCC_NO_COMMON_BLOCKS = YES;
				GCC_WARN_64_TO_32_BIT_CONVERSION = YES;
				GCC_WARN_ABOUT_RETURN_TYPE = YES_ERROR;
				GCC_WARN_UNDECLARED_SELECTOR = YES;
				GCC_WARN_UNINITIALIZED_AUTOS = YES_AGGRESSIVE;
				GCC_WARN_UNUSED_FUNCTION = YES;
				GCC_WARN_UNUSED_VARIABLE = YES;
				MACOSX_DEPLOYMENT_TARGET = 10.11;
				MTL_ENABLE_DEBUG_INFO = NO;
				SDKROOT = macosx;
			};
			name = Release;
		};
		AE8D1EA51C1B0EF0003E180E /* Debug */ = {
			isa = XCBuildConfiguration;
			buildSettings = {
				ASSETCATALOG_COMPILER_APPICON_NAME = AppIcon;
				CLANG_ENABLE_MODULES = YES;
				COMBINE_HIDPI_IMAGES = YES;
				INFOPLIST_FILE = "Ghost Voices/Info.plist";
				LD_RUNPATH_SEARCH_PATHS = "$(inherited) @executable_path/../Frameworks";
				PRODUCT_BUNDLE_IDENTIFIER = "com.yannickweiss.Ghost-Voices";
				PRODUCT_NAME = "$(TARGET_NAME)";
				SWIFT_OBJC_BRIDGING_HEADER = "Ghost Voices/Ghost Voices-Bridging-Header.h";
				SWIFT_OPTIMIZATION_LEVEL = "-Onone";
			};
			name = Debug;
		};
		AE8D1EA61C1B0EF0003E180E /* Release */ = {
			isa = XCBuildConfiguration;
			buildSettings = {
				ASSETCATALOG_COMPILER_APPICON_NAME = AppIcon;
				CLANG_ENABLE_MODULES = YES;
				COMBINE_HIDPI_IMAGES = YES;
				INFOPLIST_FILE = "Ghost Voices/Info.plist";
				LD_RUNPATH_SEARCH_PATHS = "$(inherited) @executable_path/../Frameworks";
				PRODUCT_BUNDLE_IDENTIFIER = "com.yannickweiss.Ghost-Voices";
				PRODUCT_NAME = "$(TARGET_NAME)";
				SWIFT_OBJC_BRIDGING_HEADER = "Ghost Voices/Ghost Voices-Bridging-Header.h";
			};
			name = Release;
		};
/* End XCBuildConfiguration section */

/* Begin XCConfigurationList section */
		AE8D1E921C1B0EF0003E180E /* Build configuration list for PBXProject "Ghost Voices" */ = {
			isa = XCConfigurationList;
			buildConfigurations = (
				AE8D1EA21C1B0EF0003E180E /* Debug */,
				AE8D1EA31C1B0EF0003E180E /* Release */,
			);
			defaultConfigurationIsVisible = 0;
			defaultConfigurationName = Release;
		};
		AE8D1EA41C1B0EF0003E180E /* Build configuration list for PBXNativeTarget "Ghost Voices" */ = {
			isa = XCConfigurationList;
			buildConfigurations = (
				AE8D1EA51C1B0EF0003E180E /* Debug */,
				AE8D1EA61C1B0EF0003E180E /* Release */,
			);
			defaultConfigurationIsVisible = 0;
		};
/* End XCConfigurationList section */
	};
	rootObject = AE8D1E8F1C1B0EF0003E180E /* Project object */;
}
